
Microsoft Visual Studio Solution File, Format Version 12.00
# Visual Studio Version 17
VisualStudioVersion = 17.11.35303.130
MinimumVisualStudioVersion = 10.0.40219.1
Project("{FAE04EC0-301F-11D3-BF4B-00C04F79EFBC}") = "labo15Dictionary", "labo15Dictionary\labo15Dictionary.csproj", "{9E22CEB1-4A88-419A-B0F1-53D71D718C65}"
EndProject
Global
	GlobalSection(SolutionConfigurationPlatforms) = preSolution
		Debug|Any CPU = Debug|Any CPU
		Release|Any CPU = Release|Any CPU
	EndGlobalSection
	GlobalSection(ProjectConfigurationPlatforms) = postSolution
		{9E22CEB1-4A88-419A-B0F1-53D71D718C65}.Debug|Any CPU.ActiveCfg = Debug|Any CPU
		{9E22CEB1-4A88-419A-B0F1-53D71D718C65}.Debug|Any CPU.Build.0 = Debug|Any CPU
		{9E22CEB1-4A88-419A-B0F1-53D71D718C65}.Release|Any CPU.ActiveCfg = Release|Any CPU
		{9E22CEB1-4A88-419A-B0F1-53D71D718C65}.Release|Any CPU.Build.0 = Release|Any CPU
	EndGlobalSection
	GlobalSection(SolutionProperties) = preSolution
		HideSolutionNode = FALSE
	EndGlobalSection
	GlobalSection(ExtensibilityGlobals) = postSolution
		SolutionGuid = {796320AC-8155-4F50-B0A0-3C01C4082852}
	EndGlobalSection
EndGlobal
